
Microsoft Visual Studio Solution File, Format Version 12.00
# Visual Studio Version 17
VisualStudioVersion = 17.14.36414.22 d17.14
MinimumVisualStudioVersion = 10.0.40219.1
Project("{54A90642-561A-4BB1-A94E-469ADEE60C69}") = "questionnaire.client", "questionnaire.client\questionnaire.client.esproj", "{F3B3CD4C-4871-B88D-9C24-42C82F17DE89}"
EndProject
Project("{FAE04EC0-301F-11D3-BF4B-00C04F79EFBC}") = "Questionnaire.Server", "Questionnaire.Server\Questionnaire.Server.csproj", "{C54C2348-26D6-439B-9DC7-53AA580A1CE2}"
EndProject
Global
	GlobalSection(SolutionConfigurationPlatforms) = preSolution
		Debug|Any CPU = Debug|Any CPU
		Release|Any CPU = Release|Any CPU
	EndGlobalSection
	GlobalSection(ProjectConfigurationPlatforms) = postSolution
		{F3B3CD4C-4871-B88D-9C24-42C82F17DE89}.Debug|Any CPU.ActiveCfg = Debug|Any CPU
		{F3B3CD4C-4871-B88D-9C24-42C82F17DE89}.Debug|Any CPU.Build.0 = Debug|Any CPU
		{F3B3CD4C-4871-B88D-9C24-42C82F17DE89}.Debug|Any CPU.Deploy.0 = Debug|Any CPU
		{F3B3CD4C-4871-B88D-9C24-42C82F17DE89}.Release|Any CPU.ActiveCfg = Release|Any CPU
		{F3B3CD4C-4871-B88D-9C24-42C82F17DE89}.Release|Any CPU.Build.0 = Release|Any CPU
		{F3B3CD4C-4871-B88D-9C24-42C82F17DE89}.Release|Any CPU.Deploy.0 = Release|Any CPU
		{C54C2348-26D6-439B-9DC7-53AA580A1CE2}.Debug|Any CPU.ActiveCfg = Debug|Any CPU
		{C54C2348-26D6-439B-9DC7-53AA580A1CE2}.Debug|Any CPU.Build.0 = Debug|Any CPU
		{C54C2348-26D6-439B-9DC7-53AA580A1CE2}.Release|Any CPU.ActiveCfg = Release|Any CPU
		{C54C2348-26D6-439B-9DC7-53AA580A1CE2}.Release|Any CPU.Build.0 = Release|Any CPU
	EndGlobalSection
	GlobalSection(SolutionProperties) = preSolution
		HideSolutionNode = FALSE
	EndGlobalSection
	GlobalSection(ExtensibilityGlobals) = postSolution
		SolutionGuid = {F7474E2C-EF1B-40CC-BF95-06434CADA511}
	EndGlobalSection
EndGlobal